PODS:
  - Alamofire (4.5.0)
  - Moya (8.0.5):
    - Moya/Core (= 8.0.5)
  - Moya/Core (8.0.5):
    - Alamofire (~> 4.1)
    - Result (~> 3.0)
  - Nimble (6.0.1)
  - Quick (1.1.0)
  - Result (3.2.3)

DEPENDENCIES:
  - Moya
  - Nimble
  - Quick

SPEC CHECKSUMS:
  Alamofire: f28cdffd29de33a7bfa022cbd63ae95a27fae140
  Moya: c37eec09a098ba9991b5a963b291fc5704bdb9ef
  Nimble: 1527fd1bd2b4cf0636251a36bc8ab37e81da8347
  Quick: dafc587e21eed9f4cab3249b9f9015b0b7a7f71d
  Result: 128640a6347e8d2ae48b142556739a2d13f90ce6

PODFILE CHECKSUM: f5ecef6470394df1a9225b0dbdc88eaf24027a13

COCOAPODS: 1.2.1
